
Microsoft Visual Studio Solution File, Format Version 12.00
# Visual Studio Version 17
VisualStudioVersion = 17.13.35818.85
MinimumVisualStudioVersion = 10.0.40219.1
Project("{FAE04EC0-301F-11D3-BF4B-00C04F79EFBC}") = "TradingApp", "TradingApp\TradingApp.csproj", "{4ED9B58B-7480-433E-8594-2CF903F6BF76}"
EndProject
Project("{FAE04EC0-301F-11D3-BF4B-00C04F79EFBC}") = "FinamV2Spike", "FinamV2Spike\FinamV2Spike.csproj", "{4719D845-71C6-4CE9-9025-8B373D95F210}"
EndProject
Project("{2150E333-8FDC-42A3-9474-1A3956D46DE8}") = "proto", "proto", "{36D591C7-65C7-A0D1-1CBC-10CDE441BDC8}"
EndProject
Project("{2150E333-8FDC-42A3-9474-1A3956D46DE8}") = "google", "google", "{9C92F08C-9875-499F-BDD6-FADB602F644D}"
EndProject
Project("{2150E333-8FDC-42A3-9474-1A3956D46DE8}") = "api", "api", "{B4AD99A8-CA76-4139-B4D3-0E50B34D31DB}"
	ProjectSection(SolutionItems) = preProject
		TradingApp\proto\google\api\annotations.proto = TradingApp\proto\google\api\annotations.proto
		TradingApp\proto\google\api\http.proto = TradingApp\proto\google\api\http.proto
	EndProjectSection
EndProject
Project("{2150E333-8FDC-42A3-9474-1A3956D46DE8}") = "type", "type", "{8959E86C-44EC-4729-A4ED-74C4EB4FA842}"
	ProjectSection(SolutionItems) = preProject
		TradingApp\proto\google\type\decimal.proto = TradingApp\proto\google\type\decimal.proto
		TradingApp\proto\google\type\interval.proto = TradingApp\proto\google\type\interval.proto
	EndProjectSection
EndProject
Project("{2150E333-8FDC-42A3-9474-1A3956D46DE8}") = "grpc", "grpc", "{9CA3AA7C-ECE8-4939-BA67-6E20EFE85B13}"
EndProject
Project("{2150E333-8FDC-42A3-9474-1A3956D46DE8}") = "tradeapi", "tradeapi", "{4888EE05-93EF-40E5-AF5F-181A9FDF2C36}"
EndProject
Project("{2150E333-8FDC-42A3-9474-1A3956D46DE8}") = "v1", "v1", "{3E58B4D7-991C-451D-896E-E6FC1258E0E1}"
	ProjectSection(SolutionItems) = preProject
		TradingApp\proto\grpc\tradeapi\v1\side.proto = TradingApp\proto\grpc\tradeapi\v1\side.proto
		TradingApp\proto\grpc\tradeapi\v1\trade.proto = TradingApp\proto\grpc\tradeapi\v1\trade.proto
	EndProjectSection
EndProject
Project("{2150E333-8FDC-42A3-9474-1A3956D46DE8}") = "auth", "auth", "{81F68508-DDAB-45F4-81B7-28923C451D79}"
	ProjectSection(SolutionItems) = preProject
		TradingApp\proto\grpc\tradeapi\v1\auth\auth_service.proto = TradingApp\proto\grpc\tradeapi\v1\auth\auth_service.proto
	EndProjectSection
EndProject
Project("{2150E333-8FDC-42A3-9474-1A3956D46DE8}") = "marketdata", "marketdata", "{14641033-AC3F-49D4-B89F-048F7572DA6E}"
	ProjectSection(SolutionItems) = preProject
		TradingApp\proto\grpc\tradeapi\v1\marketdata\marketdata_service.proto = TradingApp\proto\grpc\tradeapi\v1\marketdata\marketdata_service.proto
	EndProjectSection
EndProject
Project("{2150E333-8FDC-42A3-9474-1A3956D46DE8}") = "orders", "orders", "{D0D96EAB-8309-4B27-8490-5963E9405853}"
	ProjectSection(SolutionItems) = preProject
		TradingApp\proto\grpc\tradeapi\v1\orders\orders_service.proto = TradingApp\proto\grpc\tradeapi\v1\orders\orders_service.proto
	EndProjectSection
EndProject
Project("{2150E333-8FDC-42A3-9474-1A3956D46DE8}") = "protoc-gen-openapiv2", "protoc-gen-openapiv2", "{139AE016-B2F5-47FE-9126-00BEA5B8CBB2}"
EndProject
Project("{2150E333-8FDC-42A3-9474-1A3956D46DE8}") = "options", "options", "{67BA3B2C-EFAA-45DF-8DBC-317F8C9833B3}"
	ProjectSection(SolutionItems) = preProject
		TradingApp\proto\protoc-gen-openapiv2\options\annotations.proto = TradingApp\proto\protoc-gen-openapiv2\options\annotations.proto
		TradingApp\proto\protoc-gen-openapiv2\options\openapiv2.proto = TradingApp\proto\protoc-gen-openapiv2\options\openapiv2.proto
	EndProjectSection
EndProject
Global
	GlobalSection(SolutionConfigurationPlatforms) = preSolution
		Debug|Any CPU = Debug|Any CPU
		Release|Any CPU = Release|Any CPU
	EndGlobalSection
	GlobalSection(ProjectConfigurationPlatforms) = postSolution
		{4ED9B58B-7480-433E-8594-2CF903F6BF76}.Debug|Any CPU.ActiveCfg = Debug|Any CPU
		{4ED9B58B-7480-433E-8594-2CF903F6BF76}.Debug|Any CPU.Build.0 = Debug|Any CPU
		{4ED9B58B-7480-433E-8594-2CF903F6BF76}.Release|Any CPU.ActiveCfg = Release|Any CPU
		{4ED9B58B-7480-433E-8594-2CF903F6BF76}.Release|Any CPU.Build.0 = Release|Any CPU
		{4719D845-71C6-4CE9-9025-8B373D95F210}.Debug|Any CPU.ActiveCfg = Debug|Any CPU
		{4719D845-71C6-4CE9-9025-8B373D95F210}.Debug|Any CPU.Build.0 = Debug|Any CPU
		{4719D845-71C6-4CE9-9025-8B373D95F210}.Release|Any CPU.ActiveCfg = Release|Any CPU
		{4719D845-71C6-4CE9-9025-8B373D95F210}.Release|Any CPU.Build.0 = Release|Any CPU
	EndGlobalSection
	GlobalSection(SolutionProperties) = preSolution
		HideSolutionNode = FALSE
	EndGlobalSection
	GlobalSection(NestedProjects) = preSolution
		{9C92F08C-9875-499F-BDD6-FADB602F644D} = {36D591C7-65C7-A0D1-1CBC-10CDE441BDC8}
		{B4AD99A8-CA76-4139-B4D3-0E50B34D31DB} = {9C92F08C-9875-499F-BDD6-FADB602F644D}
		{8959E86C-44EC-4729-A4ED-74C4EB4FA842} = {9C92F08C-9875-499F-BDD6-FADB602F644D}
		{9CA3AA7C-ECE8-4939-BA67-6E20EFE85B13} = {36D591C7-65C7-A0D1-1CBC-10CDE441BDC8}
		{4888EE05-93EF-40E5-AF5F-181A9FDF2C36} = {9CA3AA7C-ECE8-4939-BA67-6E20EFE85B13}
		{3E58B4D7-991C-451D-896E-E6FC1258E0E1} = {4888EE05-93EF-40E5-AF5F-181A9FDF2C36}
		{81F68508-DDAB-45F4-81B7-28923C451D79} = {3E58B4D7-991C-451D-896E-E6FC1258E0E1}
		{14641033-AC3F-49D4-B89F-048F7572DA6E} = {3E58B4D7-991C-451D-896E-E6FC1258E0E1}
		{D0D96EAB-8309-4B27-8490-5963E9405853} = {3E58B4D7-991C-451D-896E-E6FC1258E0E1}
		{139AE016-B2F5-47FE-9126-00BEA5B8CBB2} = {36D591C7-65C7-A0D1-1CBC-10CDE441BDC8}
		{67BA3B2C-EFAA-45DF-8DBC-317F8C9833B3} = {139AE016-B2F5-47FE-9126-00BEA5B8CBB2}
	EndGlobalSection
	GlobalSection(ExtensibilityGlobals) = postSolution
		SolutionGuid = {748A2732-C5BE-4180-9547-5B850EAC3B59}
	EndGlobalSection
EndGlobal
